// !$*UTF8*$!
{
	archiveVersion = 1;
	classes = {
	};
	objectVersion = 56;
	objects = {

/* Begin PBXBuildFile section */
		963311AF2BCEEC8C00E1BF25 /* CameraSessionApp.swift in Sources */ = {isa = PBXBuildFile; fileRef = 963311AE2BCEEC8C00E1BF25 /* CameraSessionApp.swift */; };
		963311B12BCEEC8C00E1BF25 /* ContentView.swift in Sources */ = {isa = PBXBuildFile; fileRef = 963311B02BCEEC8C00E1BF25 /* ContentView.swift */; };
		963311B32BCEEC8D00E1BF25 /* Assets.xcassets in Resources */ = {isa = PBXBuildFile; fileRef = 963311B22BCEEC8D00E1BF25 /* Assets.xcassets */; };
		963311B62BCEEC8D00E1BF25 /* Preview Assets.xcassets in Resources */ = {isa = PBXBuildFile; fileRef = 963311B52BCEEC8D00E1BF25 /* Preview Assets.xcassets */; };
		963311BD2BCEECE000E1BF25 /* CameraPreview.swift in Sources */ = {isa = PBXBuildFile; fileRef = 963311BC2BCEECE000E1BF25 /* CameraPreview.swift */; };
		965231D32BDD682100E6D279 /* CameraSessionTests.swift in Sources */ = {isa = PBXBuildFile; fileRef = 965231D22BDD682100E6D279 /* CameraSessionTests.swift */; };
		965231DE2BDE3A9600E6D279 /* CameraManager+Inputs.swift in Sources */ = {isa = PBXBuildFile; fileRef = 965231DD2BDE3A9600E6D279 /* CameraManager+Inputs.swift */; };
		965F142A2BD401D600A179E0 /* CameraManager.swift in Sources */ = {isa = PBXBuildFile; fileRef = 965F14292BD401D600A179E0 /* CameraManager.swift */; };
		965F142C2BD402D700A179E0 /* CameraVM.swift in Sources */ = {isa = PBXBuildFile; fileRef = 965F142B2BD402D700A179E0 /* CameraVM.swift */; };
		96C3775C2BDE3C4700C90E14 /* CameraStatus.swift in Sources */ = {isa = PBXBuildFile; fileRef = 96C3775B2BDE3C4700C90E14 /* CameraStatus.swift */; };
		96C3775E2BDF822200C90E14 /* CameraOverlay.swift in Sources */ = {isa = PBXBuildFile; fileRef = 96C3775D2BDF822200C90E14 /* CameraOverlay.swift */; };
/* End PBXBuildFile section */

/* Begin PBXContainerItemProxy section */
		965231D42BDD682100E6D279 /* PBXContainerItemProxy */ = {
			isa = PBXContainerItemProxy;
			containerPortal = 963311A32BCEEC8C00E1BF25 /* Project object */;
			proxyType = 1;
			remoteGlobalIDString = 963311AA2BCEEC8C00E1BF25;
			remoteInfo = CameraSession;
		};
/* End PBXContainerItemProxy section */

/* Begin PBXFileReference section */
		963311AB2BCEEC8C00E1BF25 /* CameraSession.app */ = {isa = PBXFileReference; explicitFileType = wrapper.application; includeInIndex = 0; path = CameraSession.app; sourceTree = BUILT_PRODUCTS_DIR; };
		963311AE2BCEEC8C00E1BF25 /* CameraSessionApp.swift */ = {isa = PBXFileReference; lastKnownFileType = sourcecode.swift; path = CameraSessionApp.swift; sourceTree = "<group>"; };
		963311B02BCEEC8C00E1BF25 /* ContentView.swift */ = {isa = PBXFileReference; lastKnownFileType = sourcecode.swift; path = ContentView.swift; sourceTree = "<group>"; };
		963311B22BCEEC8D00E1BF25 /* Assets.xcassets */ = {isa = PBXFileReference; lastKnownFileType = folder.assetcatalog; path = Assets.xcassets; sourceTree = "<group>"; };
		963311B52BCEEC8D00E1BF25 /* Preview Assets.xcassets */ = {isa = PBXFileReference; lastKnownFileType = folder.assetcatalog; path = "Preview Assets.xcassets"; sourceTree = "<group>"; };
		963311BC2BCEECE000E1BF25 /* CameraPreview.swift */ = {isa = PBXFileReference; lastKnownFileType = sourcecode.swift; path = CameraPreview.swift; sourceTree = "<group>"; };
		965231D02BDD682100E6D279 /* CameraSessionTests.xctest */ = {isa = PBXFileReference; explicitFileType = wrapper.cfbundle; includeInIndex = 0; path = CameraSessionTests.xctest; sourceTree = BUILT_PRODUCTS_DIR; };
		965231D22BDD682100E6D279 /* CameraSessionTests.swift */ = {isa = PBXFileReference; lastKnownFileType = sourcecode.swift; path = CameraSessionTests.swift; sourceTree = "<group>"; };
		965231DD2BDE3A9600E6D279 /* CameraManager+Inputs.swift */ = {isa = PBXFileReference; lastKnownFileType = sourcecode.swift; path = "CameraManager+Inputs.swift"; sourceTree = "<group>"; };
		965F14292BD401D600A179E0 /* CameraManager.swift */ = {isa = PBXFileReference; lastKnownFileType = sourcecode.swift; path = CameraManager.swift; sourceTree = "<group>"; };
		965F142B2BD402D700A179E0 /* CameraVM.swift */ = {isa = PBXFileReference; lastKnownFileType = sourcecode.swift; path = CameraVM.swift; sourceTree = "<group>"; };
		96C3775B2BDE3C4700C90E14 /* CameraStatus.swift */ = {isa = PBXFileReference; lastKnownFileType = sourcecode.swift; path = CameraStatus.swift; sourceTree = "<group>"; };
		96C3775D2BDF822200C90E14 /* CameraOverlay.swift */ = {isa = PBXFileReference; lastKnownFileType = sourcecode.swift; path = CameraOverlay.swift; sourceTree = "<group>"; };
/* End PBXFileReference section */

/* Begin PBXFrameworksBuildPhase section */
		963311A82BCEEC8C00E1BF25 /* Frameworks */ = {
			isa = PBXFrameworksBuildPhase;
			buildActionMask = 2147483647;
			files = (
			);
			runOnlyForDeploymentPostprocessing = 0;
		};
		965231CD2BDD682100E6D279 /* Frameworks */ = {
			isa = PBXFrameworksBuildPhase;
			buildActionMask = 2147483647;
			files = (
			);
			runOnlyForDeploymentPostprocessing = 0;
		};
/* End PBXFrameworksBuildPhase section */

/* Begin PBXGroup section */
		963311A22BCEEC8C00E1BF25 = {
			isa = PBXGroup;
			children = (
				963311AD2BCEEC8C00E1BF25 /* CameraSession */,
				965231D12BDD682100E6D279 /* CameraSessionTests */,
				963311AC2BCEEC8C00E1BF25 /* Products */,
			);
			sourceTree = "<group>";
		};
		963311AC2BCEEC8C00E1BF25 /* Products */ = {
			isa = PBXGroup;
			children = (
				963311AB2BCEEC8C00E1BF25 /* CameraSession.app */,
				965231D02BDD682100E6D279 /* CameraSessionTests.xctest */,
			);
			name = Products;
			sourceTree = "<group>";
		};
		963311AD2BCEEC8C00E1BF25 /* CameraSession */ = {
			isa = PBXGroup;
			children = (
				965231E22BDE3C0700E6D279 /* helpers */,
				965231E12BDE3B2F00E6D279 /* viewController */,
				965231E02BDE3B2A00E6D279 /* view */,
				965231DF2BDE3B2000E6D279 /* model */,
				963311AE2BCEEC8C00E1BF25 /* CameraSessionApp.swift */,
				963311B02BCEEC8C00E1BF25 /* ContentView.swift */,
				963311B22BCEEC8D00E1BF25 /* Assets.xcassets */,
				963311B42BCEEC8D00E1BF25 /* Preview Content */,
			);
			path = CameraSession;
			sourceTree = "<group>";
		};
		963311B42BCEEC8D00E1BF25 /* Preview Content */ = {
			isa = PBXGroup;
			children = (
				963311B52BCEEC8D00E1BF25 /* Preview Assets.xcassets */,
			);
			path = "Preview Content";
			sourceTree = "<group>";
		};
		965231D12BDD682100E6D279 /* CameraSessionTests */ = {
			isa = PBXGroup;
			children = (
				965231D22BDD682100E6D279 /* CameraSessionTests.swift */,
			);
			path = CameraSessionTests;
			sourceTree = "<group>";
		};
		965231DF2BDE3B2000E6D279 /* model */ = {
			isa = PBXGroup;
			children = (
				965F14292BD401D600A179E0 /* CameraManager.swift */,
				965231DD2BDE3A9600E6D279 /* CameraManager+Inputs.swift */,
			);
			path = model;
			sourceTree = "<group>";
		};
		965231E02BDE3B2A00E6D279 /* view */ = {
			isa = PBXGroup;
			children = (
				963311BC2BCEECE000E1BF25 /* CameraPreview.swift */,
				96C3775D2BDF822200C90E14 /* CameraOverlay.swift */,
			);
			path = view;
			sourceTree = "<group>";
		};
		965231E12BDE3B2F00E6D279 /* viewController */ = {
			isa = PBXGroup;
			children = (
				965F142B2BD402D700A179E0 /* CameraVM.swift */,
			);
			path = viewController;
			sourceTree = "<group>";
		};
		965231E22BDE3C0700E6D279 /* helpers */ = {
			isa = PBXGroup;
			children = (
				96C3775B2BDE3C4700C90E14 /* CameraStatus.swift */,
			);
			path = helpers;
			sourceTree = "<group>";
		};
/* End PBXGroup section */

/* Begin PBXNativeTarget section */
		963311AA2BCEEC8C00E1BF25 /* CameraSession */ = {
			isa = PBXNativeTarget;
			buildConfigurationList = 963311B92BCEEC8D00E1BF25 /* Build configuration list for PBXNativeTarget "CameraSession" */;
			buildPhases = (
				963311A72BCEEC8C00E1BF25 /* Sources */,
				963311A82BCEEC8C00E1BF25 /* Frameworks */,
				963311A92BCEEC8C00E1BF25 /* Resources */,
			);
			buildRules = (
			);
			dependencies = (
			);
			name = CameraSession;
			productName = CameraSession;
			productReference = 963311AB2BCEEC8C00E1BF25 /* CameraSession.app */;
			productType = "com.apple.product-type.application";
		};
		965231CF2BDD682100E6D279 /* CameraSessionTests */ = {
			isa = PBXNativeTarget;
			buildConfigurationList = 965231D82BDD682100E6D279 /* Build configuration list for PBXNativeTarget "CameraSessionTests" */;
			buildPhases = (
				965231CC2BDD682100E6D279 /* Sources */,
				965231CD2BDD682100E6D279 /* Frameworks */,
				965231CE2BDD682100E6D279 /* Resources */,
			);
			buildRules = (
			);
			dependencies = (
				965231D52BDD682100E6D279 /* PBXTargetDependency */,
			);
			name = CameraSessionTests;
			productName = CameraSessionTests;
			productReference = 965231D02BDD682100E6D279 /* CameraSessionTests.xctest */;
			productType = "com.apple.product-type.bundle.unit-test";
		};
/* End PBXNativeTarget section */

/* Begin PBXProject section */
		963311A32BCEEC8C00E1BF25 /* Project object */ = {
			isa = PBXProject;
			attributes = {
				BuildIndependentTargetsInParallel = 1;
				LastSwiftUpdateCheck = 1530;
				LastUpgradeCheck = 1530;
				TargetAttributes = {
					963311AA2BCEEC8C00E1BF25 = {
						CreatedOnToolsVersion = 15.3;
					};
					965231CF2BDD682100E6D279 = {
						CreatedOnToolsVersion = 15.3;
						TestTargetID = 963311AA2BCEEC8C00E1BF25;
					};
				};
			};
			buildConfigurationList = 963311A62BCEEC8C00E1BF25 /* Build configuration list for PBXProject "CameraSession" */;
			compatibilityVersion = "Xcode 14.0";
			developmentRegion = en;
			hasScannedForEncodings = 0;
			knownRegions = (
				en,
				Base,
			);
			mainGroup = 963311A22BCEEC8C00E1BF25;
			productRefGroup = 963311AC2BCEEC8C00E1BF25 /* Products */;
			projectDirPath = "";
			projectRoot = "";
			targets = (
				963311AA2BCEEC8C00E1BF25 /* CameraSession */,
				965231CF2BDD682100E6D279 /* CameraSessionTests */,
			);
		};
/* End PBXProject section */

/* Begin PBXResourcesBuildPhase section */
		963311A92BCEEC8C00E1BF25 /* Resources */ = {
			isa = PBXResourcesBuildPhase;
			buildActionMask = 2147483647;
			files = (
				963311B62BCEEC8D00E1BF25 /* Preview Assets.xcassets in Resources */,
				963311B32BCEEC8D00E1BF25 /* Assets.xcassets in Resources */,
			);
			runOnlyForDeploymentPostprocessing = 0;
		};
		965231CE2BDD682100E6D279 /* Resources */ = {
			isa = PBXResourcesBuildPhase;
			buildActionMask = 2147483647;
			files = (
			);
			runOnlyForDeploymentPostprocessing = 0;
		};
/* End PBXResourcesBuildPhase section */

/* Begin PBXSourcesBuildPhase section */
		963311A72BCEEC8C00E1BF25 /* Sources */ = {
			isa = PBXSourcesBuildPhase;
			buildActionMask = 2147483647;
			files = (
				963311B12BCEEC8C00E1BF25 /* ContentView.swift in Sources */,
				96C3775E2BDF822200C90E14 /* CameraOverlay.swift in Sources */,
				963311BD2BCEECE000E1BF25 /* CameraPreview.swift in Sources */,
				965F142C2BD402D700A179E0 /* CameraVM.swift in Sources */,
				96C3775C2BDE3C4700C90E14 /* CameraStatus.swift in Sources */,
				963311AF2BCEEC8C00E1BF25 /* CameraSessionApp.swift in Sources */,
				965F142A2BD401D600A179E0 /* CameraManager.swift in Sources */,
				965231DE2BDE3A9600E6D279 /* CameraManager+Inputs.swift in Sources */,
			);
			runOnlyForDeploymentPostprocessing = 0;
		};
		965231CC2BDD682100E6D279 /* Sources */ = {
			isa = PBXSourcesBuildPhase;
			buildActionMask = 2147483647;
			files = (
				965231D32BDD682100E6D279 /* CameraSessionTests.swift in Sources */,
			);
			runOnlyForDeploymentPostprocessing = 0;
		};
/* End PBXSourcesBuildPhase section */

/* Begin PBXTargetDependency section */
		965231D52BDD682100E6D279 /* PBXTargetDependency */ = {
			isa = PBXTargetDependency;
			target = 963311AA2BCEEC8C00E1BF25 /* CameraSession */;
			targetProxy = 965231D42BDD682100E6D279 /* PBXContainerItemProxy */;
		};
/* End PBXTargetDependency section */

/* Begin XCBuildConfiguration section */
		963311B72BCEEC8D00E1BF25 /* Debug */ = {
			isa = XCBuildConfiguration;
			buildSettings = {
				ALWAYS_SEARCH_USER_PATHS = NO;
				ASSETCATALOG_COMPILER_GENERATE_SWIFT_ASSET_SYMBOL_EXTENSIONS = YES;
				CLANG_ANALYZER_NONNULL = YES;
				CLANG_ANALYZER_NUMBER_OBJECT_CONVERSION = YES_AGGRESSIVE;
				CLANG_CXX_LANGUAGE_STANDARD = "gnu++20";
				CLANG_ENABLE_MODULES = YES;
				CLANG_ENABLE_OBJC_ARC = YES;
				CLANG_ENABLE_OBJC_WEAK = YES;
				CLANG_WARN_BLOCK_CAPTURE_AUTORELEASING = YES;
				CLANG_WARN_BOOL_CONVERSION = YES;
				CLANG_WARN_COMMA = YES;
				CLANG_WARN_CONSTANT_CONVERSION = YES;
				CLANG_WARN_DEPRECATED_OBJC_IMPLEMENTATIONS = YES;
				CLANG_WARN_DIRECT_OBJC_ISA_USAGE = YES_ERROR;
				CLANG_WARN_DOCUMENTATION_COMMENTS = YES;
				CLANG_WARN_EMPTY_BODY = YES;
				CLANG_WARN_ENUM_CONVERSION = YES;
				CLANG_WARN_INFINITE_RECURSION = YES;
				CLANG_WARN_INT_CONVERSION = YES;
				CLANG_WARN_NON_LITERAL_NULL_CONVERSION = YES;
				CLANG_WARN_OBJC_IMPLICIT_RETAIN_SELF = YES;
				CLANG_WARN_OBJC_LITERAL_CONVERSION = YES;
				CLANG_WARN_OBJC_ROOT_CLASS = YES_ERROR;
				CLANG_WARN_QUOTED_INCLUDE_IN_FRAMEWORK_HEADER = YES;
				CLANG_WARN_RANGE_LOOP_ANALYSIS = YES;
				CLANG_WARN_STRICT_PROTOTYPES = YES;
				CLANG_WARN_SUSPICIOUS_MOVE = YES;
				CLANG_WARN_UNGUARDED_AVAILABILITY = YES_AGGRESSIVE;
				CLANG_WARN_UNREACHABLE_CODE = YES;
				CLANG_WARN__DUPLICATE_METHOD_MATCH = YES;
				COPY_PHASE_STRIP = NO;
				DEBUG_INFORMATION_FORMAT = dwarf;
				ENABLE_STRICT_OBJC_MSGSEND = YES;
				ENABLE_TESTABILITY = YES;
				ENABLE_USER_SCRIPT_SANDBOXING = YES;
				GCC_C_LANGUAGE_STANDARD = gnu17;
				GCC_DYNAMIC_NO_PIC = NO;
				GCC_NO_COMMON_BLOCKS = YES;
				GCC_OPTIMIZATION_LEVEL = 0;
				GCC_PREPROCESSOR_DEFINITIONS = (
					"DEBUG=1",
					"$(inherited)",
				);
				GCC_WARN_64_TO_32_BIT_CONVERSION = YES;
				GCC_WARN_ABOUT_RETURN_TYPE = YES_ERROR;
				GCC_WARN_UNDECLARED_SELECTOR = YES;
				GCC_WARN_UNINITIALIZED_AUTOS = YES_AGGRESSIVE;
				GCC_WARN_UNUSED_FUNCTION = YES;
				GCC_WARN_UNUSED_VARIABLE = YES;
				IPHONEOS_DEPLOYMENT_TARGET = 17.4;
				LOCALIZATION_PREFERS_STRING_CATALOGS = YES;
				MTL_ENABLE_DEBUG_INFO = INCLUDE_SOURCE;
				MTL_FAST_MATH = YES;
				ONLY_ACTIVE_ARCH = YES;
				SDKROOT = iphoneos;
				SWIFT_ACTIVE_COMPILATION_CONDITIONS = "DEBUG $(inherited)";
				SWIFT_OPTIMIZATION_LEVEL = "-Onone";
			};
			name = Debug;
		};
		963311B82BCEEC8D00E1BF25 /* Release */ = {
			isa = XCBuildConfiguration;
			buildSettings = {
				ALWAYS_SEARCH_USER_PATHS = NO;
				ASSETCATALOG_COMPILER_GENERATE_SWIFT_ASSET_SYMBOL_EXTENSIONS = YES;
				CLANG_ANALYZER_NONNULL = YES;
				CLANG_ANALYZER_NUMBER_OBJECT_CONVERSION = YES_AGGRESSIVE;
				CLANG_CXX_LANGUAGE_STANDARD = "gnu++20";
				CLANG_ENABLE_MODULES = YES;
				CLANG_ENABLE_OBJC_ARC = YES;
				CLANG_ENABLE_OBJC_WEAK = YES;
				CLANG_WARN_BLOCK_CAPTURE_AUTORELEASING = YES;
				CLANG_WARN_BOOL_CONVERSION = YES;
				CLANG_WARN_COMMA = YES;
				CLANG_WARN_CONSTANT_CONVERSION = YES;
				CLANG_WARN_DEPRECATED_OBJC_IMPLEMENTATIONS = YES;
				CLANG_WARN_DIRECT_OBJC_ISA_USAGE = YES_ERROR;
				CLANG_WARN_DOCUMENTATION_COMMENTS = YES;
				CLANG_WARN_EMPTY_BODY = YES;
				CLANG_WARN_ENUM_CONVERSION = YES;
				CLANG_WARN_INFINITE_RECURSION = YES;
				CLANG_WARN_INT_CONVERSION = YES;
				CLANG_WARN_NON_LITERAL_NULL_CONVERSION = YES;
				CLANG_WARN_OBJC_IMPLICIT_RETAIN_SELF = YES;
				CLANG_WARN_OBJC_LITERAL_CONVERSION = YES;
				CLANG_WARN_OBJC_ROOT_CLASS = YES_ERROR;
				CLANG_WARN_QUOTED_INCLUDE_IN_FRAMEWORK_HEADER = YES;
				CLANG_WARN_RANGE_LOOP_ANALYSIS = YES;
				CLANG_WARN_STRICT_PROTOTYPES = YES;
				CLANG_WARN_SUSPICIOUS_MOVE = YES;
				CLANG_WARN_UNGUARDED_AVAILABILITY = YES_AGGRESSIVE;
				CLANG_WARN_UNREACHABLE_CODE = YES;
				CLANG_WARN__DUPLICATE_METHOD_MATCH = YES;
				COPY_PHASE_STRIP = NO;
				DEBUG_INFORMATION_FORMAT = "dwarf-with-dsym";
				ENABLE_NS_ASSERTIONS = NO;
				ENABLE_STRICT_OBJC_MSGSEND = YES;
				ENABLE_USER_SCRIPT_SANDBOXING = YES;
				GCC_C_LANGUAGE_STANDARD = gnu17;
				GCC_NO_COMMON_BLOCKS = YES;
				GCC_WARN_64_TO_32_BIT_CONVERSION = YES;
				GCC_WARN_ABOUT_RETURN_TYPE = YES_ERROR;
				GCC_WARN_UNDECLARED_SELECTOR = YES;
				GCC_WARN_UNINITIALIZED_AUTOS = YES_AGGRESSIVE;
				GCC_WARN_UNUSED_FUNCTION = YES;
				GCC_WARN_UNUSED_VARIABLE = YES;
				IPHONEOS_DEPLOYMENT_TARGET = 17.4;
				LOCALIZATION_PREFERS_STRING_CATALOGS = YES;
				MTL_ENABLE_DEBUG_INFO = NO;
				MTL_FAST_MATH = YES;
				SDKROOT = iphoneos;
				SWIFT_COMPILATION_MODE = wholemodule;
				VALIDATE_PRODUCT = YES;
			};
			name = Release;
		};
		963311BA2BCEEC8D00E1BF25 /* Debug */ = {
			isa = XCBuildConfiguration;
			buildSettings = {
				ASSETCATALOG_COMPILER_APPICON_NAME = AppIcon;
				ASSETCATALOG_COMPILER_GLOBAL_ACCENT_COLOR_NAME = AccentColor;
				CODE_SIGN_STYLE = Automatic;
				CURRENT_PROJECT_VERSION = 1;
				DEVELOPMENT_ASSET_PATHS = "\"CameraSession/Preview Content\"";
				DEVELOPMENT_TEAM = U866MK84CS;
				ENABLE_PREVIEWS = YES;
				GENERATE_INFOPLIST_FILE = YES;
				INFOPLIST_KEY_NSCameraUsageDescription = "Just give me permission dammit";
				INFOPLIST_KEY_UIApplicationSceneManifest_Generation = YES;
				INFOPLIST_KEY_UIApplicationSupportsIndirectInputEvents = YES;
				INFOPLIST_KEY_UILaunchScreen_Generation = YES;
				INFOPLIST_KEY_UISupportedInterfaceOrientations_iPad = "UIInterfaceOrientationPortrait UIInterfaceOrientationPortraitUpsideDown UIInterfaceOrientationLandscapeLeft UIInterfaceOrientationLandscapeRight";
				INFOPLIST_KEY_UISupportedInterfaceOrientations_iPhone = "UIInterfaceOrientationPortrait UIInterfaceOrientationLandscapeLeft UIInterfaceOrientationLandscapeRight";
				LD_RUNPATH_SEARCH_PATHS = (
					"$(inherited)",
					"@executable_path/Frameworks",
				);
				MARKETING_VERSION = 1.0;
				PRODUCT_BUNDLE_IDENTIFIER = com.vids.CameraSession;
				PRODUCT_NAME = "$(TARGET_NAME)";
				SWIFT_EMIT_LOC_STRINGS = YES;
				SWIFT_VERSION = 5.0;
				TARGETED_DEVICE_FAMILY = "1,2";
			};
			name = Debug;
		};
		963311BB2BCEEC8D00E1BF25 /* Release */ = {
			isa = XCBuildConfiguration;
			buildSettings = {
				ASSETCATALOG_COMPILER_APPICON_NAME = AppIcon;
				ASSETCATALOG_COMPILER_GLOBAL_ACCENT_COLOR_NAME = AccentColor;
				CODE_SIGN_STYLE = Automatic;
				CURRENT_PROJECT_VERSION = 1;
				DEVELOPMENT_ASSET_PATHS = "\"CameraSession/Preview Content\"";
				DEVELOPMENT_TEAM = U866MK84CS;
				ENABLE_PREVIEWS = YES;
				GENERATE_INFOPLIST_FILE = YES;
				INFOPLIST_KEY_NSCameraUsageDescription = "Just give me permission dammit";
				INFOPLIST_KEY_UIApplicationSceneManifest_Generation = YES;
				INFOPLIST_KEY_UIApplicationSupportsIndirectInputEvents = YES;
				INFOPLIST_KEY_UILaunchScreen_Generation = YES;
				INFOPLIST_KEY_UISupportedInterfaceOrientations_iPad = "UIInterfaceOrientationPortrait UIInterfaceOrientationPortraitUpsideDown UIInterfaceOrientationLandscapeLeft UIInterfaceOrientationLandscapeRight";
				INFOPLIST_KEY_UISupportedInterfaceOrientations_iPhone = "UIInterfaceOrientationPortrait UIInterfaceOrientationLandscapeLeft UIInterfaceOrientationLandscapeRight";
				LD_RUNPATH_SEARCH_PATHS = (
					"$(inherited)",
					"@executable_path/Frameworks",
				);
				MARKETING_VERSION = 1.0;
				PRODUCT_BUNDLE_IDENTIFIER = com.vids.CameraSession;
				PRODUCT_NAME = "$(TARGET_NAME)";
				SWIFT_EMIT_LOC_STRINGS = YES;
				SWIFT_VERSION = 5.0;
				TARGETED_DEVICE_FAMILY = "1,2";
			};
			name = Release;
		};
		965231D62BDD682100E6D279 /* Debug */ = {
			isa = XCBuildConfiguration;
			buildSettings = {
				BUNDLE_LOADER = "$(TEST_HOST)";
				CODE_SIGN_STYLE = Automatic;
				CURRENT_PROJECT_VERSION = 1;
				DEVELOPMENT_TEAM = U866MK84CS;
				GENERATE_INFOPLIST_FILE = YES;
				MARKETING_VERSION = 1.0;
				PRODUCT_BUNDLE_IDENTIFIER = com.vids.CameraSessionTests;
				PRODUCT_NAME = "$(TARGET_NAME)";
				SWIFT_EMIT_LOC_STRINGS = NO;
				SWIFT_VERSION = 5.0;
				TARGETED_DEVICE_FAMILY = "1,2";
				TEST_HOST = "$(BUILT_PRODUCTS_DIR)/CameraSession.app/$(BUNDLE_EXECUTABLE_FOLDER_PATH)/CameraSession";
			};
			name = Debug;
		};
		965231D72BDD682100E6D279 /* Release */ = {
			isa = XCBuildConfiguration;
			buildSettings = {
				BUNDLE_LOADER = "$(TEST_HOST)";
				CODE_SIGN_STYLE = Automatic;
				CURRENT_PROJECT_VERSION = 1;
				DEVELOPMENT_TEAM = U866MK84CS;
				GENERATE_INFOPLIST_FILE = YES;
				MARKETING_VERSION = 1.0;
				PRODUCT_BUNDLE_IDENTIFIER = com.vids.CameraSessionTests;
				PRODUCT_NAME = "$(TARGET_NAME)";
				SWIFT_EMIT_LOC_STRINGS = NO;
				SWIFT_VERSION = 5.0;
				TARGETED_DEVICE_FAMILY = "1,2";
				TEST_HOST = "$(BUILT_PRODUCTS_DIR)/CameraSession.app/$(BUNDLE_EXECUTABLE_FOLDER_PATH)/CameraSession";
			};
			name = Release;
		};
/* End XCBuildConfiguration section */

/* Begin XCConfigurationList section */
		963311A62BCEEC8C00E1BF25 /* Build configuration list for PBXProject "CameraSession" */ = {
			isa = XCConfigurationList;
			buildConfigurations = (
				963311B72BCEEC8D00E1BF25 /* Debug */,
				963311B82BCEEC8D00E1BF25 /* Release */,
			);
			defaultConfigurationIsVisible = 0;
			defaultConfigurationName = Release;
		};
		963311B92BCEEC8D00E1BF25 /* Build configuration list for PBXNativeTarget "CameraSession" */ = {
			isa = XCConfigurationList;
			buildConfigurations = (
				963311BA2BCEEC8D00E1BF25 /* Debug */,
				963311BB2BCEEC8D00E1BF25 /* Release */,
			);
			defaultConfigurationIsVisible = 0;
			defaultConfigurationName = Release;
		};
		965231D82BDD682100E6D279 /* Build configuration list for PBXNativeTarget "CameraSessionTests" */ = {
			isa = XCConfigurationList;
			buildConfigurations = (
				965231D62BDD682100E6D279 /* Debug */,
				965231D72BDD682100E6D279 /* Release */,
			);
			defaultConfigurationIsVisible = 0;
			defaultConfigurationName = Release;
		};
/* End XCConfigurationList section */
	};
	rootObject = 963311A32BCEEC8C00E1BF25 /* Project object */;
}
